
Microsoft Visual Studio Solution File, Format Version 12.00
# Visual Studio Version 16
VisualStudioVersion = 16.0.31613.86
MinimumVisualStudioVersion = 10.0.40219.1
Project("{9A19103F-16F7-4668-BE54-9A1E7A4F7556}") = "ConwaysGameOfLife", "ConwaysGameOfLife.csproj", "{E52D63CC-D206-4C61-86CD-34D3E421B54B}"
EndProject
Global
	GlobalSection(SolutionConfigurationPlatforms) = preSolution
		Debug|Any CPU = Debug|Any CPU
		Release|Any CPU = Release|Any CPU
	EndGlobalSection
	GlobalSection(ProjectConfigurationPlatforms) = postSolution
		{E52D63CC-D206-4C61-86CD-34D3E421B54B}.Debug|Any CPU.ActiveCfg = Debug|Any CPU
		{E52D63CC-D206-4C61-86CD-34D3E421B54B}.Debug|Any CPU.Build.0 = Debug|Any CPU
		{E52D63CC-D206-4C61-86CD-34D3E421B54B}.Release|Any CPU.ActiveCfg = Release|Any CPU
		{E52D63CC-D206-4C61-86CD-34D3E421B54B}.Release|Any CPU.Build.0 = Release|Any CPU
	EndGlobalSection
	GlobalSection(SolutionProperties) = preSolution
		HideSolutionNode = FALSE
	EndGlobalSection
	GlobalSection(ExtensibilityGlobals) = postSolution
		SolutionGuid = {0E0C43A2-632D-4422-BAE2-235830FCAA86}
	EndGlobalSection
EndGlobal
